<Solution>
  <Folder Name="/src/">
    <Project Path="src/ShiftDiff.Cli/ShiftDiff.Cli.csproj" />
    <Project Path="src/ShiftDiff.Core/ShiftDiff.Core.csproj" />
  </Folder>
  <Folder Name="/tests/">
    <Project Path="tests/ShiftDiff.Core.Tests/ShiftDiff.Core.Tests.csproj" />
    <Project Path="tests/ShiftDiff.Cli.Tests/ShiftDiff.Cli.Tests.csproj" />
  </Folder>
</Solution>
